
Microsoft Visual Studio Solution File, Format Version 12.00
# Visual Studio Version 17
VisualStudioVersion = 17.6.33801.468
MinimumVisualStudioVersion = 10.0.40219.1
Project("{FAE04EC0-301F-11D3-BF4B-00C04F79EFBC}") = "SistemaDeProforma.Entity", "SistemaDeProforma.Entity\SistemaDeProforma.Entity.csproj", "{75E55E9D-7A49-4A84-98B0-F340E5587628}"
EndProject
Project("{FAE04EC0-301F-11D3-BF4B-00C04F79EFBC}") = "SistemaDeProforma.DAL", "SistemaDeProforma.DAL\SistemaDeProforma.DAL.csproj", "{935C277E-A023-4453-80B7-86BB746AD7F1}"
EndProject
Project("{FAE04EC0-301F-11D3-BF4B-00C04F79EFBC}") = "SistemaDeProforma.BLL", "SistemaDeProforma.BLL\SistemaDeProforma.BLL.csproj", "{276EBE37-98A3-48DB-B37A-0A9512528230}"
EndProject
Project("{FAE04EC0-301F-11D3-BF4B-00C04F79EFBC}") = "SistemaDeProforma.IOC", "SistemaDeProforma.IOC\SistemaDeProforma.IOC.csproj", "{F1B2016A-1B21-4803-8E3A-FFF8ABE96408}"
EndProject
Project("{FAE04EC0-301F-11D3-BF4B-00C04F79EFBC}") = "SistemaDeProforma.AplicacionWeb", "SistemaDeProforma.AplicacionWeb\SistemaDeProforma.AplicacionWeb.csproj", "{0763F594-8058-4406-B3DC-D27110164B2B}"
EndProject
Global
	GlobalSection(SolutionConfigurationPlatforms) = preSolution
		Debug|Any CPU = Debug|Any CPU
		Release|Any CPU = Release|Any CPU
	EndGlobalSection
	GlobalSection(ProjectConfigurationPlatforms) = postSolution
		{75E55E9D-7A49-4A84-98B0-F340E5587628}.Debug|Any CPU.ActiveCfg = Debug|Any CPU
		{75E55E9D-7A49-4A84-98B0-F340E5587628}.Debug|Any CPU.Build.0 = Debug|Any CPU
		{75E55E9D-7A49-4A84-98B0-F340E5587628}.Release|Any CPU.ActiveCfg = Release|Any CPU
		{75E55E9D-7A49-4A84-98B0-F340E5587628}.Release|Any CPU.Build.0 = Release|Any CPU
		{935C277E-A023-4453-80B7-86BB746AD7F1}.Debug|Any CPU.ActiveCfg = Debug|Any CPU
		{935C277E-A023-4453-80B7-86BB746AD7F1}.Debug|Any CPU.Build.0 = Debug|Any CPU
		{935C277E-A023-4453-80B7-86BB746AD7F1}.Release|Any CPU.ActiveCfg = Release|Any CPU
		{935C277E-A023-4453-80B7-86BB746AD7F1}.Release|Any CPU.Build.0 = Release|Any CPU
		{276EBE37-98A3-48DB-B37A-0A9512528230}.Debug|Any CPU.ActiveCfg = Debug|Any CPU
		{276EBE37-98A3-48DB-B37A-0A9512528230}.Debug|Any CPU.Build.0 = Debug|Any CPU
		{276EBE37-98A3-48DB-B37A-0A9512528230}.Release|Any CPU.ActiveCfg = Release|Any CPU
		{276EBE37-98A3-48DB-B37A-0A9512528230}.Release|Any CPU.Build.0 = Release|Any CPU
		{F1B2016A-1B21-4803-8E3A-FFF8ABE96408}.Debug|Any CPU.ActiveCfg = Debug|Any CPU
		{F1B2016A-1B21-4803-8E3A-FFF8ABE96408}.Debug|Any CPU.Build.0 = Debug|Any CPU
		{F1B2016A-1B21-4803-8E3A-FFF8ABE96408}.Release|Any CPU.ActiveCfg = Release|Any CPU
		{F1B2016A-1B21-4803-8E3A-FFF8ABE96408}.Release|Any CPU.Build.0 = Release|Any CPU
		{0763F594-8058-4406-B3DC-D27110164B2B}.Debug|Any CPU.ActiveCfg = Debug|Any CPU
		{0763F594-8058-4406-B3DC-D27110164B2B}.Debug|Any CPU.Build.0 = Debug|Any CPU
		{0763F594-8058-4406-B3DC-D27110164B2B}.Release|Any CPU.ActiveCfg = Release|Any CPU
		{0763F594-8058-4406-B3DC-D27110164B2B}.Release|Any CPU.Build.0 = Release|Any CPU
	EndGlobalSection
	GlobalSection(SolutionProperties) = preSolution
		HideSolutionNode = FALSE
	EndGlobalSection
	GlobalSection(ExtensibilityGlobals) = postSolution
		SolutionGuid = {C0247470-A7D7-4D5C-AD87-8B202B3FAD0E}
	EndGlobalSection
EndGlobal
